
Microsoft Visual Studio Solution File, Format Version 12.00
# Visual Studio 15
VisualStudioVersion = 15.0.28307.271
MinimumVisualStudioVersion = 10.0.40219.1
Project("{FAE04EC0-301F-11D3-BF4B-00C04F79EFBC}") = "ContosoFashions", "ContosoFashions\ContosoFashions.csproj", "{7FE7EBD2-F013-4B23-A58F-79E4C4835FC6}"
EndProject
Global
	GlobalSection(SolutionConfigurationPlatforms) = preSolution
		Debug|Any CPU = Debug|Any CPU
		Release|Any CPU = Release|Any CPU
	EndGlobalSection
	GlobalSection(ProjectConfigurationPlatforms) = postSolution
		{7FE7EBD2-F013-4B23-A58F-79E4C4835FC6}.Debug|Any CPU.ActiveCfg = Debug|Any CPU
		{7FE7EBD2-F013-4B23-A58F-79E4C4835FC6}.Debug|Any CPU.Build.0 = Debug|Any CPU
		{7FE7EBD2-F013-4B23-A58F-79E4C4835FC6}.Release|Any CPU.ActiveCfg = Release|Any CPU
		{7FE7EBD2-F013-4B23-A58F-79E4C4835FC6}.Release|Any CPU.Build.0 = Release|Any CPU
	EndGlobalSection
	GlobalSection(SolutionProperties) = preSolution
		HideSolutionNode = FALSE
	EndGlobalSection
	GlobalSection(ExtensibilityGlobals) = postSolution
		SolutionGuid = {D1B203FA-0754-4702-9778-B0D25DA95645}
	EndGlobalSection
EndGlobal
